
Microsoft Visual Studio Solution File, Format Version 12.00
# Visual Studio Version 16
VisualStudioVersion = 16.0.29418.71
MinimumVisualStudioVersion = 10.0.40219.1
Project("{FAE04EC0-301F-11D3-BF4B-00C04F79EFBC}") = "UtauMakeLabPlugin", "UtauMakeLabPlugin\UtauMakeLabPlugin.csproj", "{D571ECCD-B6F2-4382-AE8F-2B462F68B649}"
EndProject
Global
	GlobalSection(SolutionConfigurationPlatforms) = preSolution
		Debug|Any CPU = Debug|Any CPU
		Release|Any CPU = Release|Any CPU
	EndGlobalSection
	GlobalSection(ProjectConfigurationPlatforms) = postSolution
		{D571ECCD-B6F2-4382-AE8F-2B462F68B649}.Debug|Any CPU.ActiveCfg = Debug|Any CPU
		{D571ECCD-B6F2-4382-AE8F-2B462F68B649}.Debug|Any CPU.Build.0 = Debug|Any CPU
		{D571ECCD-B6F2-4382-AE8F-2B462F68B649}.Release|Any CPU.ActiveCfg = Release|Any CPU
		{D571ECCD-B6F2-4382-AE8F-2B462F68B649}.Release|Any CPU.Build.0 = Release|Any CPU
	EndGlobalSection
	GlobalSection(SolutionProperties) = preSolution
		HideSolutionNode = FALSE
	EndGlobalSection
	GlobalSection(ExtensibilityGlobals) = postSolution
		SolutionGuid = {37621820-33C4-4594-A702-315CBFCD1387}
	EndGlobalSection
EndGlobal
